<?xml version="1.0" encoding="utf-8"?>
<Project ToolsVersion="4.0" xmlns="http://schemas.microsoft.com/developer/msbuild/2003">
  <ItemGroup>
    <Filter Include="Source Files">
      <UniqueIdentifier>{4FC737F1-C7A5-4376-A066-2A32D752A2FF}</UniqueIdentifier>
      <Extensions>cpp;c;cc;cxx;def;odl;idl;hpj;bat;asm;asmx</Extensions>
    </Filter>
    <Filter Include="Header Files">
      <UniqueIdentifier>{93995380-89BD-4b04-88EB-625FBE52EBFB}</UniqueIdentifier>
      <Extensions>h;hh;hpp;hxx;hm;inl;inc;xsd</Extensions>
    </Filter>
    <Filter Include="Resource Files">
      <UniqueIdentifier>{67DA6AB6-F800-4c08-8B7A-83BB121AAD01}</UniqueIdentifier>
      <Extensions>rc;ico;cur;bmp;dlg;rc2;rct;bin;rgs;gif;jpg;jpeg;jpe;resx;tiff;tif;png;wav;mfcribbon-ms</Extensions>
    </Filter>
  </ItemGroup>
  <ItemGroup>
    <Text Include="ReadMe.txt" />
    <Text Include="cTest.txt">
      <Filter>Source Files</Filter>
    </Text>
    <Text Include="iTest.txt">
      <Filter>Source Files</Filter>
    </Text>
    <Text Include="coTest.txt">
      <Filter>Source Files</Filter>
    </Text>
    <Text Include="..\..\..\..\..\Downloads\commands.txt">
      <Filter>Source Files</Filter>
    </Text>
    <Text Include="..\..\..\..\..\Downloads\customers.txt">
      <Filter>Source Files</Filter>
    </Text>
    <Text Include="..\..\..\..\..\Downloads\Inventory.txt">
      <Filter>Source Files</Filter>
    </Text>
  </ItemGroup>
  <ItemGroup>
    <ClInclude Include="stdafx.h">
      <Filter>Header Files</Filter>
    </ClInclude>
    <ClInclude Include="targetver.h">
      <Filter>Header Files</Filter>
    </ClInclude>
    <ClInclude Include="BookStore.h">
      <Filter>Header Files</Filter>
    </ClInclude>
    <ClInclude Include="BST.h">
      <Filter>Header Files</Filter>
    </ClInclude>
    <ClInclude Include="HashQuadCollision.h">
      <Filter>Header Files</Filter>
    </ClInclude>
    <ClInclude Include="HashChaining.h">
      <Filter>Header Files</Filter>
    </ClInclude>
    <ClInclude Include="GoldCustomer.h">
      <Filter>Header Files</Filter>
    </ClInclude>
    <ClInclude Include="SeniorCustomer.h">
      <Filter>Header Files</Filter>
    </ClInclude>
    <ClInclude Include="CustomerManagement.h">
      <Filter>Header Files</Filter>
    </ClInclude>
    <ClInclude Include="AudioBook.h">
      <Filter>Header Files</Filter>
    </ClInclude>
    <ClInclude Include="GraphicNovel.h">
      <Filter>Header Files</Filter>
    </ClInclude>
    <ClInclude Include="BookBlock.h">
      <Filter>Header Files</Filter>
    </ClInclude>
    <ClInclude Include="InventoryManagement.h">
      <Filter>Header Files</Filter>
    </ClInclude>
    <ClInclude Include="PurchaseTransaction.h">
      <Filter>Header Files</Filter>
    </ClInclude>
    <ClInclude Include="ReturnTransaction.h">
      <Filter>Header Files</Filter>
    </ClInclude>
    <ClInclude Include="TradeInTransaction.h">
      <Filter>Header Files</Filter>
    </ClInclude>
    <ClInclude Include="HistoryTransaction.h">
      <Filter>Header Files</Filter>
    </ClInclude>
    <ClInclude Include="InventoryTransaction.h">
      <Filter>Header Files</Filter>
    </ClInclude>
    <ClInclude Include="Transaction.h">
      <Filter>Header Files</Filter>
    </ClInclude>
    <ClInclude Include="Book.h">
      <Filter>Header Files</Filter>
    </ClInclude>
    <ClInclude Include="Customer.h">
      <Filter>Header Files</Filter>
    </ClInclude>
  </ItemGroup>
  <ItemGroup>
    <ClCompile Include="stdafx.cpp">
      <Filter>Source Files</Filter>
    </ClCompile>
    <ClCompile Include="NileBookStore.cpp">
      <Filter>Source Files</Filter>
    </ClCompile>
    <ClCompile Include="BookStore.cpp">
      <Filter>Source Files</Filter>
    </ClCompile>
    <ClCompile Include="BST.cpp">
      <Filter>Source Files</Filter>
    </ClCompile>
    <ClCompile Include="HashQuadCollision.cpp">
      <Filter>Source Files</Filter>
    </ClCompile>
    <ClCompile Include="HashChaining.cpp">
      <Filter>Source Files</Filter>
    </ClCompile>
    <ClCompile Include="GoldCustomer.cpp">
      <Filter>Source Files</Filter>
    </ClCompile>
    <ClCompile Include="SeniorCustomer.cpp">
      <Filter>Source Files</Filter>
    </ClCompile>
    <ClCompile Include="CustomerManagement.cpp">
      <Filter>Source Files</Filter>
    </ClCompile>
    <ClCompile Include="AudioBook.cpp">
      <Filter>Source Files</Filter>
    </ClCompile>
    <ClCompile Include="GraphicNovel.cpp">
      <Filter>Source Files</Filter>
    </ClCompile>
    <ClCompile Include="BookBlock.cpp">
      <Filter>Source Files</Filter>
    </ClCompile>
    <ClCompile Include="InventoryManagement.cpp">
      <Filter>Source Files</Filter>
    </ClCompile>
    <ClCompile Include="PurchaseTransaction.cpp">
      <Filter>Source Files</Filter>
    </ClCompile>
    <ClCompile Include="ReturnTransaction.cpp">
      <Filter>Source Files</Filter>
    </ClCompile>
    <ClCompile Include="TradeInTransaction.cpp">
      <Filter>Source Files</Filter>
    </ClCompile>
    <ClCompile Include="HistoryTransaction.cpp">
      <Filter>Source Files</Filter>
    </ClCompile>
    <ClCompile Include="InventoryTransaction.cpp">
      <Filter>Source Files</Filter>
    </ClCompile>
    <ClCompile Include="Transaction.cpp">
      <Filter>Source Files</Filter>
    </ClCompile>
    <ClCompile Include="Book.cpp">
      <Filter>Source Files</Filter>
    </ClCompile>
    <ClCompile Include="Customer.cpp">
      <Filter>Source Files</Filter>
    </ClCompile>
  </ItemGroup>
  <ItemGroup>
    <None Include="ClassDiagram.cd" />
  </ItemGroup>
</Project>